// !$*UTF8*$!
{
	archiveVersion = 1;
	classes = {
	};
	objectVersion = 55;
	objects = {

/* Begin PBXBuildFile section */
		81CE87EE2885E5FA00857EDC /* AppDelegate.swift in Sources */ = {isa = PBXBuildFile; fileRef = 81CE87ED2885E5FA00857EDC /* AppDelegate.swift */; };
		81CE87F02885E5FA00857EDC /* SceneDelegate.swift in Sources */ = {isa = PBXBuildFile; fileRef = 81CE87EF2885E5FA00857EDC /* SceneDelegate.swift */; };
		81CE87F22885E5FA00857EDC /* ViewController.swift in Sources */ = {isa = PBXBuildFile; fileRef = 81CE87F12885E5FA00857EDC /* ViewController.swift */; };
		81CE87F52885E5FA00857EDC /* Main.storyboard in Resources */ = {isa = PBXBuildFile; fileRef = 81CE87F32885E5FA00857EDC /* Main.storyboard */; };
		81CE87F72885E5FB00857EDC /* Assets.xcassets in Resources */ = {isa = PBXBuildFile; fileRef = 81CE87F62885E5FB00857EDC /* Assets.xcassets */; };
		81CE87FA2885E5FB00857EDC /* LaunchScreen.storyboard in Resources */ = {isa = PBXBuildFile; fileRef = 81CE87F82885E5FB00857EDC /* LaunchScreen.storyboard */; };
		81CE8805288638D300857EDC /* StoryData.swift in Sources */ = {isa = PBXBuildFile; fileRef = 81CE8804288638D300857EDC /* StoryData.swift */; };
		81CE88072886393400857EDC /* StoryModel.swift in Sources */ = {isa = PBXBuildFile; fileRef = 81CE88062886393400857EDC /* StoryModel.swift */; };
/* End PBXBuildFile section */

/* Begin PBXFileReference section */
		81CE87EA2885E5FA00857EDC /* Chosse your adventure.app */ = {isa = PBXFileReference; explicitFileType = wrapper.application; includeInIndex = 0; path = "Chosse your adventure.app"; sourceTree = BUILT_PRODUCTS_DIR; };
		81CE87ED2885E5FA00857EDC /* AppDelegate.swift */ = {isa = PBXFileReference; lastKnownFileType = sourcecode.swift; path = AppDelegate.swift; sourceTree = "<group>"; };
		81CE87EF2885E5FA00857EDC /* SceneDelegate.swift */ = {isa = PBXFileReference; lastKnownFileType = sourcecode.swift; path = SceneDelegate.swift; sourceTree = "<group>"; };
		81CE87F12885E5FA00857EDC /* ViewController.swift */ = {isa = PBXFileReference; lastKnownFileType = sourcecode.swift; path = ViewController.swift; sourceTree = "<group>"; };
		81CE87F42885E5FA00857EDC /* Base */ = {isa = PBXFileReference; lastKnownFileType = file.storyboard; name = Base; path = Base.lproj/Main.storyboard; sourceTree = "<group>"; };
		81CE87F62885E5FB00857EDC /* Assets.xcassets */ = {isa = PBXFileReference; lastKnownFileType = folder.assetcatalog; path = Assets.xcassets; sourceTree = "<group>"; };
		81CE87F92885E5FB00857EDC /* Base */ = {isa = PBXFileReference; lastKnownFileType = file.storyboard; name = Base; path = Base.lproj/LaunchScreen.storyboard; sourceTree = "<group>"; };
		81CE87FB2885E5FB00857EDC /* Info.plist */ = {isa = PBXFileReference; lastKnownFileType = text.plist.xml; path = Info.plist; sourceTree = "<group>"; };
		81CE8804288638D300857EDC /* StoryData.swift */ = {isa = PBXFileReference; lastKnownFileType = sourcecode.swift; path = StoryData.swift; sourceTree = "<group>"; };
		81CE88062886393400857EDC /* StoryModel.swift */ = {isa = PBXFileReference; lastKnownFileType = sourcecode.swift; path = StoryModel.swift; sourceTree = "<group>"; };
/* End PBXFileReference section */

/* Begin PBXFrameworksBuildPhase section */
		81CE87E72885E5FA00857EDC /* Frameworks */ = {
			isa = PBXFrameworksBuildPhase;
			buildActionMask = 2147483647;
			files = (
			);
			runOnlyForDeploymentPostprocessing = 0;
		};
/* End PBXFrameworksBuildPhase section */

/* Begin PBXGroup section */
		81CE87E12885E5FA00857EDC = {
			isa = PBXGroup;
			children = (
				81CE87EC2885E5FA00857EDC /* Chosse your adventure */,
				81CE87EB2885E5FA00857EDC /* Products */,
			);
			sourceTree = "<group>";
		};
		81CE87EB2885E5FA00857EDC /* Products */ = {
			isa = PBXGroup;
			children = (
				81CE87EA2885E5FA00857EDC /* Chosse your adventure.app */,
			);
			name = Products;
			sourceTree = "<group>";
		};
		81CE87EC2885E5FA00857EDC /* Chosse your adventure */ = {
			isa = PBXGroup;
			children = (
				81CE87EF2885E5FA00857EDC /* SceneDelegate.swift */,
				81CE87ED2885E5FA00857EDC /* AppDelegate.swift */,
				81CE88032886330E00857EDC /* Controllers */,
				81CE88022886330900857EDC /* Views */,
				81CE8801288632FF00857EDC /* Models */,
				81CE87F62885E5FB00857EDC /* Assets.xcassets */,
				81CE87F82885E5FB00857EDC /* LaunchScreen.storyboard */,
				81CE87FB2885E5FB00857EDC /* Info.plist */,
			);
			path = "Chosse your adventure";
			sourceTree = "<group>";
		};
		81CE8801288632FF00857EDC /* Models */ = {
			isa = PBXGroup;
			children = (
				81CE8804288638D300857EDC /* StoryData.swift */,
				81CE88062886393400857EDC /* StoryModel.swift */,
			);
			path = Models;
			sourceTree = "<group>";
		};
		81CE88022886330900857EDC /* Views */ = {
			isa = PBXGroup;
			children = (
				81CE87F32885E5FA00857EDC /* Main.storyboard */,
			);
			path = Views;
			sourceTree = "<group>";
		};
		81CE88032886330E00857EDC /* Controllers */ = {
			isa = PBXGroup;
			children = (
				81CE87F12885E5FA00857EDC /* ViewController.swift */,
			);
			path = Controllers;
			sourceTree = "<group>";
		};
/* End PBXGroup section */

/* Begin PBXNativeTarget section */
		81CE87E92885E5FA00857EDC /* Chosse your adventure */ = {
			isa = PBXNativeTarget;
			buildConfigurationList = 81CE87FE2885E5FB00857EDC /* Build configuration list for PBXNativeTarget "Chosse your adventure" */;
			buildPhases = (
				81CE87E62885E5FA00857EDC /* Sources */,
				81CE87E72885E5FA00857EDC /* Frameworks */,
				81CE87E82885E5FA00857EDC /* Resources */,
			);
			buildRules = (
			);
			dependencies = (
			);
			name = "Chosse your adventure";
			productName = "Chosse your adventure";
			productReference = 81CE87EA2885E5FA00857EDC /* Chosse your adventure.app */;
			productType = "com.apple.product-type.application";
		};
/* End PBXNativeTarget section */

/* Begin PBXProject section */
		81CE87E22885E5FA00857EDC /* Project object */ = {
			isa = PBXProject;
			attributes = {
				BuildIndependentTargetsInParallel = 1;
				LastSwiftUpdateCheck = 1340;
				LastUpgradeCheck = 1340;
				TargetAttributes = {
					81CE87E92885E5FA00857EDC = {
						CreatedOnToolsVersion = 13.4.1;
					};
				};
			};
			buildConfigurationList = 81CE87E52885E5FA00857EDC /* Build configuration list for PBXProject "Chosse your adventure" */;
			compatibilityVersion = "Xcode 13.0";
			developmentRegion = en;
			hasScannedForEncodings = 0;
			knownRegions = (
				en,
				Base,
			);
			mainGroup = 81CE87E12885E5FA00857EDC;
			productRefGroup = 81CE87EB2885E5FA00857EDC /* Products */;
			projectDirPath = "";
			projectRoot = "";
			targets = (
				81CE87E92885E5FA00857EDC /* Chosse your adventure */,
			);
		};
/* End PBXProject section */

/* Begin PBXResourcesBuildPhase section */
		81CE87E82885E5FA00857EDC /* Resources */ = {
			isa = PBXResourcesBuildPhase;
			buildActionMask = 2147483647;
			files = (
				81CE87FA2885E5FB00857EDC /* LaunchScreen.storyboard in Resources */,
				81CE87F72885E5FB00857EDC /* Assets.xcassets in Resources */,
				81CE87F52885E5FA00857EDC /* Main.storyboard in Resources */,
			);
			runOnlyForDeploymentPostprocessing = 0;
		};
/* End PBXResourcesBuildPhase section */

/* Begin PBXSourcesBuildPhase section */
		81CE87E62885E5FA00857EDC /* Sources */ = {
			isa = PBXSourcesBuildPhase;
			buildActionMask = 2147483647;
			files = (
				81CE87F22885E5FA00857EDC /* ViewController.swift in Sources */,
				81CE8805288638D300857EDC /* StoryData.swift in Sources */,
				81CE87EE2885E5FA00857EDC /* AppDelegate.swift in Sources */,
				81CE87F02885E5FA00857EDC /* SceneDelegate.swift in Sources */,
				81CE88072886393400857EDC /* StoryModel.swift in Sources */,
			);
			runOnlyForDeploymentPostprocessing = 0;
		};
/* End PBXSourcesBuildPhase section */

/* Begin PBXVariantGroup section */
		81CE87F32885E5FA00857EDC /* Main.storyboard */ = {
			isa = PBXVariantGroup;
			children = (
				81CE87F42885E5FA00857EDC /* Base */,
			);
			name = Main.storyboard;
			sourceTree = "<group>";
		};
		81CE87F82885E5FB00857EDC /* LaunchScreen.storyboard */ = {
			isa = PBXVariantGroup;
			children = (
				81CE87F92885E5FB00857EDC /* Base */,
			);
			name = LaunchScreen.storyboard;
			sourceTree = "<group>";
		};
/* End PBXVariantGroup section */

/* Begin XCBuildConfiguration section */
		81CE87FC2885E5FB00857EDC /* Debug */ = {
			isa = XCBuildConfiguration;
			buildSettings = {
				ALWAYS_SEARCH_USER_PATHS = NO;
				CLANG_ANALYZER_NONNULL = YES;
				CLANG_ANALYZER_NUMBER_OBJECT_CONVERSION = YES_AGGRESSIVE;
				CLANG_CXX_LANGUAGE_STANDARD = "gnu++17";
				CLANG_ENABLE_MODULES = YES;
				CLANG_ENABLE_OBJC_ARC = YES;
				CLANG_ENABLE_OBJC_WEAK = YES;
				CLANG_WARN_BLOCK_CAPTURE_AUTORELEASING = YES;
				CLANG_WARN_BOOL_CONVERSION = YES;
				CLANG_WARN_COMMA = YES;
				CLANG_WARN_CONSTANT_CONVERSION = YES;
				CLANG_WARN_DEPRECATED_OBJC_IMPLEMENTATIONS = YES;
				CLANG_WARN_DIRECT_OBJC_ISA_USAGE = YES_ERROR;
				CLANG_WARN_DOCUMENTATION_COMMENTS = YES;
				CLANG_WARN_EMPTY_BODY = YES;
				CLANG_WARN_ENUM_CONVERSION = YES;
				CLANG_WARN_INFINITE_RECURSION = YES;
				CLANG_WARN_INT_CONVERSION = YES;
				CLANG_WARN_NON_LITERAL_NULL_CONVERSION = YES;
				CLANG_WARN_OBJC_IMPLICIT_RETAIN_SELF = YES;
				CLANG_WARN_OBJC_LITERAL_CONVERSION = YES;
				CLANG_WARN_OBJC_ROOT_CLASS = YES_ERROR;
				CLANG_WARN_QUOTED_INCLUDE_IN_FRAMEWORK_HEADER = YES;
				CLANG_WARN_RANGE_LOOP_ANALYSIS = YES;
				CLANG_WARN_STRICT_PROTOTYPES = YES;
				CLANG_WARN_SUSPICIOUS_MOVE = YES;
				CLANG_WARN_UNGUARDED_AVAILABILITY = YES_AGGRESSIVE;
				CLANG_WARN_UNREACHABLE_CODE = YES;
				CLANG_WARN__DUPLICATE_METHOD_MATCH = YES;
				COPY_PHASE_STRIP = NO;
				DEBUG_INFORMATION_FORMAT = dwarf;
				ENABLE_STRICT_OBJC_MSGSEND = YES;
				ENABLE_TESTABILITY = YES;
				GCC_C_LANGUAGE_STANDARD = gnu11;
				GCC_DYNAMIC_NO_PIC = NO;
				GCC_NO_COMMON_BLOCKS = YES;
				GCC_OPTIMIZATION_LEVEL = 0;
				GCC_PREPROCESSOR_DEFINITIONS = (
					"DEBUG=1",
					"$(inherited)",
				);
				GCC_WARN_64_TO_32_BIT_CONVERSION = YES;
				GCC_WARN_ABOUT_RETURN_TYPE = YES_ERROR;
				GCC_WARN_UNDECLARED_SELECTOR = YES;
				GCC_WARN_UNINITIALIZED_AUTOS = YES_AGGRESSIVE;
				GCC_WARN_UNUSED_FUNCTION = YES;
				GCC_WARN_UNUSED_VARIABLE = YES;
				IPHONEOS_DEPLOYMENT_TARGET = 15.5;
				MTL_ENABLE_DEBUG_INFO = INCLUDE_SOURCE;
				MTL_FAST_MATH = YES;
				ONLY_ACTIVE_ARCH = YES;
				SDKROOT = iphoneos;
				SWIFT_ACTIVE_COMPILATION_CONDITIONS = DEBUG;
				SWIFT_OPTIMIZATION_LEVEL = "-Onone";
			};
			name = Debug;
		};
		81CE87FD2885E5FB00857EDC /* Release */ = {
			isa = XCBuildConfiguration;
			buildSettings = {
				ALWAYS_SEARCH_USER_PATHS = NO;
				CLANG_ANALYZER_NONNULL = YES;
				CLANG_ANALYZER_NUMBER_OBJECT_CONVERSION = YES_AGGRESSIVE;
				CLANG_CXX_LANGUAGE_STANDARD = "gnu++17";
				CLANG_ENABLE_MODULES = YES;
				CLANG_ENABLE_OBJC_ARC = YES;
				CLANG_ENABLE_OBJC_WEAK = YES;
				CLANG_WARN_BLOCK_CAPTURE_AUTORELEASING = YES;
				CLANG_WARN_BOOL_CONVERSION = YES;
				CLANG_WARN_COMMA = YES;
				CLANG_WARN_CONSTANT_CONVERSION = YES;
				CLANG_WARN_DEPRECATED_OBJC_IMPLEMENTATIONS = YES;
				CLANG_WARN_DIRECT_OBJC_ISA_USAGE = YES_ERROR;
				CLANG_WARN_DOCUMENTATION_COMMENTS = YES;
				CLANG_WARN_EMPTY_BODY = YES;
				CLANG_WARN_ENUM_CONVERSION = YES;
				CLANG_WARN_INFINITE_RECURSION = YES;
				CLANG_WARN_INT_CONVERSION = YES;
				CLANG_WARN_NON_LITERAL_NULL_CONVERSION = YES;
				CLANG_WARN_OBJC_IMPLICIT_RETAIN_SELF = YES;
				CLANG_WARN_OBJC_LITERAL_CONVERSION = YES;
				CLANG_WARN_OBJC_ROOT_CLASS = YES_ERROR;
				CLANG_WARN_QUOTED_INCLUDE_IN_FRAMEWORK_HEADER = YES;
				CLANG_WARN_RANGE_LOOP_ANALYSIS = YES;
				CLANG_WARN_STRICT_PROTOTYPES = YES;
				CLANG_WARN_SUSPICIOUS_MOVE = YES;
				CLANG_WARN_UNGUARDED_AVAILABILITY = YES_AGGRESSIVE;
				CLANG_WARN_UNREACHABLE_CODE = YES;
				CLANG_WARN__DUPLICATE_METHOD_MATCH = YES;
				COPY_PHASE_STRIP = NO;
				DEBUG_INFORMATION_FORMAT = "dwarf-with-dsym";
				ENABLE_NS_ASSERTIONS = NO;
				ENABLE_STRICT_OBJC_MSGSEND = YES;
				GCC_C_LANGUAGE_STANDARD = gnu11;
				GCC_NO_COMMON_BLOCKS = YES;
				GCC_WARN_64_TO_32_BIT_CONVERSION = YES;
				GCC_WARN_ABOUT_RETURN_TYPE = YES_ERROR;
				GCC_WARN_UNDECLARED_SELECTOR = YES;
				GCC_WARN_UNINITIALIZED_AUTOS = YES_AGGRESSIVE;
				GCC_WARN_UNUSED_FUNCTION = YES;
				GCC_WARN_UNUSED_VARIABLE = YES;
				IPHONEOS_DEPLOYMENT_TARGET = 15.5;
				MTL_ENABLE_DEBUG_INFO = NO;
				MTL_FAST_MATH = YES;
				SDKROOT = iphoneos;
				SWIFT_COMPILATION_MODE = wholemodule;
				SWIFT_OPTIMIZATION_LEVEL = "-O";
				VALIDATE_PRODUCT = YES;
			};
			name = Release;
		};
		81CE87FF2885E5FB00857EDC /* Debug */ = {
			isa = XCBuildConfiguration;
			buildSettings = {
				ASSETCATALOG_COMPILER_APPICON_NAME = AppIcon;
				ASSETCATALOG_COMPILER_GLOBAL_ACCENT_COLOR_NAME = AccentColor;
				CODE_SIGN_STYLE = Automatic;
				CURRENT_PROJECT_VERSION = 1;
				GENERATE_INFOPLIST_FILE = YES;
				INFOPLIST_FILE = "Chosse your adventure/Info.plist";
				INFOPLIST_KEY_UIApplicationSupportsIndirectInputEvents = YES;
				INFOPLIST_KEY_UILaunchStoryboardName = LaunchScreen;
				INFOPLIST_KEY_UIMainStoryboardFile = Main;
				INFOPLIST_KEY_UISupportedInterfaceOrientations_iPad = "UIInterfaceOrientationPortrait UIInterfaceOrientationPortraitUpsideDown UIInterfaceOrientationLandscapeLeft UIInterfaceOrientationLandscapeRight";
				INFOPLIST_KEY_UISupportedInterfaceOrientations_iPhone = "UIInterfaceOrientationPortrait UIInterfaceOrientationLandscapeLeft UIInterfaceOrientationLandscapeRight";
				LD_RUNPATH_SEARCH_PATHS = (
					"$(inherited)",
					"@executable_path/Frameworks",
				);
				MARKETING_VERSION = 1.0;
				PRODUCT_BUNDLE_IDENTIFIER = "com.kvm.Chosse-your-adventure";
				PRODUCT_NAME = "$(TARGET_NAME)";
				SWIFT_EMIT_LOC_STRINGS = YES;
				SWIFT_VERSION = 5.0;
				TARGETED_DEVICE_FAMILY = "1,2";
			};
			name = Debug;
		};
		81CE88002885E5FB00857EDC /* Release */ = {
			isa = XCBuildConfiguration;
			buildSettings = {
				ASSETCATALOG_COMPILER_APPICON_NAME = AppIcon;
				ASSETCATALOG_COMPILER_GLOBAL_ACCENT_COLOR_NAME = AccentColor;
				CODE_SIGN_STYLE = Automatic;
				CURRENT_PROJECT_VERSION = 1;
				GENERATE_INFOPLIST_FILE = YES;
				INFOPLIST_FILE = "Chosse your adventure/Info.plist";
				INFOPLIST_KEY_UIApplicationSupportsIndirectInputEvents = YES;
				INFOPLIST_KEY_UILaunchStoryboardName = LaunchScreen;
				INFOPLIST_KEY_UIMainStoryboardFile = Main;
				INFOPLIST_KEY_UISupportedInterfaceOrientations_iPad = "UIInterfaceOrientationPortrait UIInterfaceOrientationPortraitUpsideDown UIInterfaceOrientationLandscapeLeft UIInterfaceOrientationLandscapeRight";
				INFOPLIST_KEY_UISupportedInterfaceOrientations_iPhone = "UIInterfaceOrientationPortrait UIInterfaceOrientationLandscapeLeft UIInterfaceOrientationLandscapeRight";
				LD_RUNPATH_SEARCH_PATHS = (
					"$(inherited)",
					"@executable_path/Frameworks",
				);
				MARKETING_VERSION = 1.0;
				PRODUCT_BUNDLE_IDENTIFIER = "com.kvm.Chosse-your-adventure";
				PRODUCT_NAME = "$(TARGET_NAME)";
				SWIFT_EMIT_LOC_STRINGS = YES;
				SWIFT_VERSION = 5.0;
				TARGETED_DEVICE_FAMILY = "1,2";
			};
			name = Release;
		};
/* End XCBuildConfiguration section */

/* Begin XCConfigurationList section */
		81CE87E52885E5FA00857EDC /* Build configuration list for PBXProject "Chosse your adventure" */ = {
			isa = XCConfigurationList;
			buildConfigurations = (
				81CE87FC2885E5FB00857EDC /* Debug */,
				81CE87FD2885E5FB00857EDC /* Release */,
			);
			defaultConfigurationIsVisible = 0;
			defaultConfigurationName = Release;
		};
		81CE87FE2885E5FB00857EDC /* Build configuration list for PBXNativeTarget "Chosse your adventure" */ = {
			isa = XCConfigurationList;
			buildConfigurations = (
				81CE87FF2885E5FB00857EDC /* Debug */,
				81CE88002885E5FB00857EDC /* Release */,
			);
			defaultConfigurationIsVisible = 0;
			defaultConfigurationName = Release;
		};
/* End XCConfigurationList section */
	};
	rootObject = 81CE87E22885E5FA00857EDC /* Project object */;
}
